
Microsoft Visual Studio Solution File, Format Version 12.00
# Visual Studio Version 16
VisualStudioVersion = 16.0.32126.315
MinimumVisualStudioVersion = 10.0.40219.1
Project("{FAE04EC0-301F-11D3-BF4B-00C04F79EFBC}") = "API1", "API1.csproj", "{C080E4B2-1AC0-48EF-8340-01CD13A109A5}"
EndProject
Global
	GlobalSection(SolutionConfigurationPlatforms) = preSolution
		Debug|Any CPU = Debug|Any CPU
		Release|Any CPU = Release|Any CPU
	EndGlobalSection
	GlobalSection(ProjectConfigurationPlatforms) = postSolution
		{C080E4B2-1AC0-48EF-8340-01CD13A109A5}.Debug|Any CPU.ActiveCfg = Debug|Any CPU
		{C080E4B2-1AC0-48EF-8340-01CD13A109A5}.Debug|Any CPU.Build.0 = Debug|Any CPU
		{C080E4B2-1AC0-48EF-8340-01CD13A109A5}.Release|Any CPU.ActiveCfg = Release|Any CPU
		{C080E4B2-1AC0-48EF-8340-01CD13A109A5}.Release|Any CPU.Build.0 = Release|Any CPU
	EndGlobalSection
	GlobalSection(SolutionProperties) = preSolution
		HideSolutionNode = FALSE
	EndGlobalSection
	GlobalSection(ExtensibilityGlobals) = postSolution
		SolutionGuid = {7831649C-20C8-4A8E-95C2-9934D55215DD}
	EndGlobalSection
EndGlobal
